
Microsoft Visual Studio Solution File, Format Version 12.00
Project("{FAE04EC0-301F-11D3-BF4B-00C04F79EFBC}") = "EVIL.JSON", "EVIL.JSON\EVIL.JSON.csproj", "{12FA7CDA-399F-44D5-85A7-45209DF322F1}"
EndProject
Project("{FAE04EC0-301F-11D3-BF4B-00C04F79EFBC}") = "Ceres", "EVIL\VirtualMachine\Ceres\Ceres.csproj", "{C8B99503-A459-4AD2-8A45-FDDD8701F6ED}"
EndProject
Project("{2150E333-8FDC-42A3-9474-1A3956D46DE8}") = "EVIL", "EVIL", "{4929ECAF-F75C-49D6-A94B-45EB5CE4CDDC}"
EndProject
Project("{FAE04EC0-301F-11D3-BF4B-00C04F79EFBC}") = "EVIL.CommonTypes", "EVIL\Core\EVIL.CommonTypes\EVIL.CommonTypes.csproj", "{B95B4E06-32A5-4C04-98DA-80FAED7FA3AA}"
EndProject
Project("{2150E333-8FDC-42A3-9474-1A3956D46DE8}") = "Core", "Core", "{089AAB99-08B9-4D1F-A6FA-D997C6B93AAF}"
EndProject
Project("{FAE04EC0-301F-11D3-BF4B-00C04F79EFBC}") = "EVIL.Grammar", "EVIL\Core\EVIL.Grammar\EVIL.Grammar.csproj", "{5FD8B8D6-9082-4B92-B6C2-6D0116F02087}"
EndProject
Project("{FAE04EC0-301F-11D3-BF4B-00C04F79EFBC}") = "EVIL.Lexical", "EVIL\Core\EVIL.Lexical\EVIL.Lexical.csproj", "{6AF95625-421E-451B-8C78-D7C3AC18AD36}"
EndProject
Project("{2150E333-8FDC-42A3-9474-1A3956D46DE8}") = "VirtualMachine", "VirtualMachine", "{60F2F7A2-809E-4C2C-95B5-C35943149788}"
EndProject
Project("{FAE04EC0-301F-11D3-BF4B-00C04F79EFBC}") = "EVIL.JSON.TestProgram", "EVIL.JSON.TestProgram\EVIL.JSON.TestProgram.csproj", "{208A9902-7BC6-4862-9633-31E37E92C8BE}"
EndProject
Project("{FAE04EC0-301F-11D3-BF4B-00C04F79EFBC}") = "Ceres.Runtime", "EVIL\VirtualMachine\Ceres.Runtime\Ceres.Runtime.csproj", "{0B656D34-3D86-4879-ADB6-F2E0DCDA788D}"
EndProject
Global
	GlobalSection(SolutionConfigurationPlatforms) = preSolution
		Debug|Any CPU = Debug|Any CPU
		Release|Any CPU = Release|Any CPU
	EndGlobalSection
	GlobalSection(ProjectConfigurationPlatforms) = postSolution
		{12FA7CDA-399F-44D5-85A7-45209DF322F1}.Debug|Any CPU.ActiveCfg = Debug|Any CPU
		{12FA7CDA-399F-44D5-85A7-45209DF322F1}.Debug|Any CPU.Build.0 = Debug|Any CPU
		{12FA7CDA-399F-44D5-85A7-45209DF322F1}.Release|Any CPU.ActiveCfg = Release|Any CPU
		{12FA7CDA-399F-44D5-85A7-45209DF322F1}.Release|Any CPU.Build.0 = Release|Any CPU
		{C8B99503-A459-4AD2-8A45-FDDD8701F6ED}.Debug|Any CPU.ActiveCfg = Debug|Any CPU
		{C8B99503-A459-4AD2-8A45-FDDD8701F6ED}.Debug|Any CPU.Build.0 = Debug|Any CPU
		{C8B99503-A459-4AD2-8A45-FDDD8701F6ED}.Release|Any CPU.ActiveCfg = Release|Any CPU
		{C8B99503-A459-4AD2-8A45-FDDD8701F6ED}.Release|Any CPU.Build.0 = Release|Any CPU
		{B95B4E06-32A5-4C04-98DA-80FAED7FA3AA}.Debug|Any CPU.ActiveCfg = Debug|Any CPU
		{B95B4E06-32A5-4C04-98DA-80FAED7FA3AA}.Debug|Any CPU.Build.0 = Debug|Any CPU
		{B95B4E06-32A5-4C04-98DA-80FAED7FA3AA}.Release|Any CPU.ActiveCfg = Release|Any CPU
		{B95B4E06-32A5-4C04-98DA-80FAED7FA3AA}.Release|Any CPU.Build.0 = Release|Any CPU
		{5FD8B8D6-9082-4B92-B6C2-6D0116F02087}.Debug|Any CPU.ActiveCfg = Debug|Any CPU
		{5FD8B8D6-9082-4B92-B6C2-6D0116F02087}.Debug|Any CPU.Build.0 = Debug|Any CPU
		{5FD8B8D6-9082-4B92-B6C2-6D0116F02087}.Release|Any CPU.ActiveCfg = Release|Any CPU
		{5FD8B8D6-9082-4B92-B6C2-6D0116F02087}.Release|Any CPU.Build.0 = Release|Any CPU
		{6AF95625-421E-451B-8C78-D7C3AC18AD36}.Debug|Any CPU.ActiveCfg = Debug|Any CPU
		{6AF95625-421E-451B-8C78-D7C3AC18AD36}.Debug|Any CPU.Build.0 = Debug|Any CPU
		{6AF95625-421E-451B-8C78-D7C3AC18AD36}.Release|Any CPU.ActiveCfg = Release|Any CPU
		{6AF95625-421E-451B-8C78-D7C3AC18AD36}.Release|Any CPU.Build.0 = Release|Any CPU
		{208A9902-7BC6-4862-9633-31E37E92C8BE}.Debug|Any CPU.ActiveCfg = Debug|Any CPU
		{208A9902-7BC6-4862-9633-31E37E92C8BE}.Debug|Any CPU.Build.0 = Debug|Any CPU
		{208A9902-7BC6-4862-9633-31E37E92C8BE}.Release|Any CPU.ActiveCfg = Release|Any CPU
		{208A9902-7BC6-4862-9633-31E37E92C8BE}.Release|Any CPU.Build.0 = Release|Any CPU
		{0B656D34-3D86-4879-ADB6-F2E0DCDA788D}.Debug|Any CPU.ActiveCfg = Debug|Any CPU
		{0B656D34-3D86-4879-ADB6-F2E0DCDA788D}.Debug|Any CPU.Build.0 = Debug|Any CPU
		{0B656D34-3D86-4879-ADB6-F2E0DCDA788D}.Release|Any CPU.ActiveCfg = Release|Any CPU
		{0B656D34-3D86-4879-ADB6-F2E0DCDA788D}.Release|Any CPU.Build.0 = Release|Any CPU
	EndGlobalSection
	GlobalSection(NestedProjects) = preSolution
		{089AAB99-08B9-4D1F-A6FA-D997C6B93AAF} = {4929ECAF-F75C-49D6-A94B-45EB5CE4CDDC}
		{B95B4E06-32A5-4C04-98DA-80FAED7FA3AA} = {089AAB99-08B9-4D1F-A6FA-D997C6B93AAF}
		{5FD8B8D6-9082-4B92-B6C2-6D0116F02087} = {089AAB99-08B9-4D1F-A6FA-D997C6B93AAF}
		{6AF95625-421E-451B-8C78-D7C3AC18AD36} = {089AAB99-08B9-4D1F-A6FA-D997C6B93AAF}
		{60F2F7A2-809E-4C2C-95B5-C35943149788} = {4929ECAF-F75C-49D6-A94B-45EB5CE4CDDC}
		{C8B99503-A459-4AD2-8A45-FDDD8701F6ED} = {60F2F7A2-809E-4C2C-95B5-C35943149788}
		{0B656D34-3D86-4879-ADB6-F2E0DCDA788D} = {60F2F7A2-809E-4C2C-95B5-C35943149788}
	EndGlobalSection
EndGlobal
